
Microsoft Visual Studio Solution File, Format Version 11.00
# Visual Studio 2010
Project("{FAE04EC0-301F-11D3-BF4B-00C04F79EFBC}") = "SimsTemplate", "SimsTemplate\SimsTemplate.csproj", "{8067CE42-690C-4040-A603-CCC501AB08D8}"
EndProject
Global
	GlobalSection(SolutionConfigurationPlatforms) = preSolution
		Debug|Any CPU = Debug|Any CPU
		Release|Any CPU = Release|Any CPU
	EndGlobalSection
	GlobalSection(ProjectConfigurationPlatforms) = postSolution
		{8067CE42-690C-4040-A603-CCC501AB08D8}.Debug|Any CPU.ActiveCfg = Debug|Any CPU
		{8067CE42-690C-4040-A603-CCC501AB08D8}.Debug|Any CPU.Build.0 = Debug|Any CPU
		{8067CE42-690C-4040-A603-CCC501AB08D8}.Release|Any CPU.ActiveCfg = Release|Any CPU
		{8067CE42-690C-4040-A603-CCC501AB08D8}.Release|Any CPU.Build.0 = Release|Any CPU
	EndGlobalSection
	GlobalSection(SolutionProperties) = preSolution
		HideSolutionNode = FALSE
	EndGlobalSection
EndGlobal
